
Microsoft Visual Studio Solution File, Format Version 12.00
# Visual Studio Version 16
VisualStudioVersion = 16.0.30320.27
MinimumVisualStudioVersion = 10.0.40219.1
Project("{8BC9CEB8-8B4A-11D0-8D11-00A0C91BC942}") = "ArrayList", "ArrayList\ArrayList.vcxproj", "{FFFF4824-2373-4BD7-8130-FF898B2D290E}"
EndProject
Project("{2150E333-8FDC-42A3-9474-1A3956D46DE8}") = "nuget", "nuget", "{2739D8DD-9359-4FC9-ACD9-3ECDCA9DA8CE}"
	ProjectSection(SolutionItems) = preProject
		.gitignore = .gitignore
		README.md = README.md
	EndProjectSection
EndProject
Project("{8BC9CEB8-8B4A-11D0-8D11-00A0C91BC942}") = "LinkedList", "LinkedList\LinkedList.vcxproj", "{01FBAF1C-D5BC-4CE7-92DA-E18CA3CE6AED}"
EndProject
Project("{2150E333-8FDC-42A3-9474-1A3956D46DE8}") = "习题", "习题", "{1F1B7FA9-F775-4533-A2E1-93BB60A5BAB0}"
	ProjectSection(SolutionItems) = preProject
		BinaryTree\TreeNode.cs = BinaryTree\TreeNode.cs
	EndProjectSection
EndProject
Project("{2150E333-8FDC-42A3-9474-1A3956D46DE8}") = "教材", "教材", "{C0C8C35A-39E5-48DE-9BB6-00E5C43AEF0D}"
EndProject
Project("{8BC9CEB8-8B4A-11D0-8D11-00A0C91BC942}") = "2_1", "2.1\2.1.vcxproj", "{25849137-0F06-4AC7-8C86-5215ABC09C47}"
EndProject
Project("{2150E333-8FDC-42A3-9474-1A3956D46DE8}") = "Chapter2", "Chapter2", "{0584BAFA-B33F-4584-9471-6962A72C6F32}"
EndProject
Project("{8BC9CEB8-8B4A-11D0-8D11-00A0C91BC942}") = "2_2", "2_2\2_2.vcxproj", "{50DD2755-56D0-493B-9267-282D3EB6FED6}"
EndProject
Project("{2150E333-8FDC-42A3-9474-1A3956D46DE8}") = "漫画算法", "漫画算法", "{5DBF0B66-05FA-4862-A27B-AF5AAC528E3D}"
EndProject
Project("{9A19103F-16F7-4668-BE54-9A1E7A4F7556}") = "BinaryTree", "BinaryTree\BinaryTree.csproj", "{8BE567C8-DBA4-436C-9CFF-84F356DFFFBA}"
EndProject
Project("{2150E333-8FDC-42A3-9474-1A3956D46DE8}") = "二叉树遍历", "二叉树遍历", "{FFAD1583-B52D-4335-A285-332DDB9465D1}"
EndProject
Project("{2150E333-8FDC-42A3-9474-1A3956D46DE8}") = "排序算法", "排序算法", "{C412ACCF-54F2-4706-8A5C-9FB89AE72E2B}"
EndProject
Project("{9A19103F-16F7-4668-BE54-9A1E7A4F7556}") = "HeapOrder", "HeapOrder\HeapOrder.csproj", "{38596A25-9BBB-49FD-99D5-A933F4143741}"
EndProject
Project("{2150E333-8FDC-42A3-9474-1A3956D46DE8}") = "查找", "查找", "{6FC7AD25-38FD-49F0-BEF0-A6923304FD66}"
EndProject
Project("{9A19103F-16F7-4668-BE54-9A1E7A4F7556}") = "BinarySearch", "BinarySearch\BinarySearch.csproj", "{0B364E65-CF34-473B-9687-20AAA40B8627}"
EndProject
Project("{2150E333-8FDC-42A3-9474-1A3956D46DE8}") = "Leecode", "Leecode", "{CEB65D71-9391-49DC-A021-962554757731}"
EndProject
Project("{9A19103F-16F7-4668-BE54-9A1E7A4F7556}") = "MostWater", "MostWater\MostWater.csproj", "{85EA5E59-98C3-4E2B-8C42-364B9805D439}"
EndProject
Project("{9A19103F-16F7-4668-BE54-9A1E7A4F7556}") = "ThreeSum", "ThreeSum\ThreeSum.csproj", "{65726512-9C95-47F4-AE77-CAFDC1F2EBB1}"
EndProject
Project("{9A19103F-16F7-4668-BE54-9A1E7A4F7556}") = "ThreeSumClosest", "ThreeSumClosest\ThreeSumClosest.csproj", "{7B0DD050-22C7-4439-95B5-0105966555AD}"
EndProject
Project("{9A19103F-16F7-4668-BE54-9A1E7A4F7556}") = "RemoveDuplicates", "RemoveDuplicates\RemoveDuplicates.csproj", "{BC7CEC9F-F166-44C1-BC77-B70506D276A6}"
EndProject
Project("{9A19103F-16F7-4668-BE54-9A1E7A4F7556}") = "TwoSum", "TwoSum\TwoSum.csproj", "{C48A6CFC-8A53-4FC8-8252-DE537F8EDD21}"
EndProject
Project("{2150E333-8FDC-42A3-9474-1A3956D46DE8}") = "Array", "Array", "{4394AF02-B70A-47EB-82C2-8C38C127DA3D}"
EndProject
Project("{9A19103F-16F7-4668-BE54-9A1E7A4F7556}") = "SearchRange", "SearchRange\SearchRange.csproj", "{572FBBA2-A520-4AE6-B67F-985B317D9B66}"
EndProject
Project("{9A19103F-16F7-4668-BE54-9A1E7A4F7556}") = "Search", "Search\Search.csproj", "{E13AF071-F5F1-455F-8FE4-A4E290EF1C52}"
EndProject
Project("{9A19103F-16F7-4668-BE54-9A1E7A4F7556}") = "CombinationSum", "CombinationSum\CombinationSum.csproj", "{4436518C-350B-424F-B2A7-E1A5AF77AC0A}"
EndProject
Project("{FAE04EC0-301F-11D3-BF4B-00C04F79EFBC}") = "Rotate", "Rotate\Rotate.csproj", "{92896255-8F4D-490A-A607-21BCCF346E72}"
EndProject
Global
	GlobalSection(SolutionConfigurationPlatforms) = preSolution
		Debug|Any CPU = Debug|Any CPU
		Debug|x64 = Debug|x64
		Debug|x86 = Debug|x86
		Release|Any CPU = Release|Any CPU
		Release|x64 = Release|x64
		Release|x86 = Release|x86
	EndGlobalSection
	GlobalSection(ProjectConfigurationPlatforms) = postSolution
		{FFFF4824-2373-4BD7-8130-FF898B2D290E}.Debug|Any CPU.ActiveCfg = Debug|Win32
		{FFFF4824-2373-4BD7-8130-FF898B2D290E}.Debug|x64.ActiveCfg = Debug|x64
		{FFFF4824-2373-4BD7-8130-FF898B2D290E}.Debug|x64.Build.0 = Debug|x64
		{FFFF4824-2373-4BD7-8130-FF898B2D290E}.Debug|x86.ActiveCfg = Debug|Win32
		{FFFF4824-2373-4BD7-8130-FF898B2D290E}.Debug|x86.Build.0 = Debug|Win32
		{FFFF4824-2373-4BD7-8130-FF898B2D290E}.Release|Any CPU.ActiveCfg = Release|Win32
		{FFFF4824-2373-4BD7-8130-FF898B2D290E}.Release|x64.ActiveCfg = Release|x64
		{FFFF4824-2373-4BD7-8130-FF898B2D290E}.Release|x64.Build.0 = Release|x64
		{FFFF4824-2373-4BD7-8130-FF898B2D290E}.Release|x86.ActiveCfg = Release|Win32
		{FFFF4824-2373-4BD7-8130-FF898B2D290E}.Release|x86.Build.0 = Release|Win32
		{01FBAF1C-D5BC-4CE7-92DA-E18CA3CE6AED}.Debug|Any CPU.ActiveCfg = Debug|Win32
		{01FBAF1C-D5BC-4CE7-92DA-E18CA3CE6AED}.Debug|x64.ActiveCfg = Debug|x64
		{01FBAF1C-D5BC-4CE7-92DA-E18CA3CE6AED}.Debug|x64.Build.0 = Debug|x64
		{01FBAF1C-D5BC-4CE7-92DA-E18CA3CE6AED}.Debug|x86.ActiveCfg = Debug|Win32
		{01FBAF1C-D5BC-4CE7-92DA-E18CA3CE6AED}.Debug|x86.Build.0 = Debug|Win32
		{01FBAF1C-D5BC-4CE7-92DA-E18CA3CE6AED}.Release|Any CPU.ActiveCfg = Release|Win32
		{01FBAF1C-D5BC-4CE7-92DA-E18CA3CE6AED}.Release|x64.ActiveCfg = Release|x64
		{01FBAF1C-D5BC-4CE7-92DA-E18CA3CE6AED}.Release|x64.Build.0 = Release|x64
		{01FBAF1C-D5BC-4CE7-92DA-E18CA3CE6AED}.Release|x86.ActiveCfg = Release|Win32
		{01FBAF1C-D5BC-4CE7-92DA-E18CA3CE6AED}.Release|x86.Build.0 = Release|Win32
		{25849137-0F06-4AC7-8C86-5215ABC09C47}.Debug|Any CPU.ActiveCfg = Debug|Win32
		{25849137-0F06-4AC7-8C86-5215ABC09C47}.Debug|x64.ActiveCfg = Debug|x64
		{25849137-0F06-4AC7-8C86-5215ABC09C47}.Debug|x64.Build.0 = Debug|x64
		{25849137-0F06-4AC7-8C86-5215ABC09C47}.Debug|x86.ActiveCfg = Debug|Win32
		{25849137-0F06-4AC7-8C86-5215ABC09C47}.Debug|x86.Build.0 = Debug|Win32
		{25849137-0F06-4AC7-8C86-5215ABC09C47}.Release|Any CPU.ActiveCfg = Release|Win32
		{25849137-0F06-4AC7-8C86-5215ABC09C47}.Release|x64.ActiveCfg = Release|x64
		{25849137-0F06-4AC7-8C86-5215ABC09C47}.Release|x64.Build.0 = Release|x64
		{25849137-0F06-4AC7-8C86-5215ABC09C47}.Release|x86.ActiveCfg = Release|Win32
		{25849137-0F06-4AC7-8C86-5215ABC09C47}.Release|x86.Build.0 = Release|Win32
		{50DD2755-56D0-493B-9267-282D3EB6FED6}.Debug|Any CPU.ActiveCfg = Debug|Win32
		{50DD2755-56D0-493B-9267-282D3EB6FED6}.Debug|x64.ActiveCfg = Debug|x64
		{50DD2755-56D0-493B-9267-282D3EB6FED6}.Debug|x64.Build.0 = Debug|x64
		{50DD2755-56D0-493B-9267-282D3EB6FED6}.Debug|x86.ActiveCfg = Debug|Win32
		{50DD2755-56D0-493B-9267-282D3EB6FED6}.Debug|x86.Build.0 = Debug|Win32
		{50DD2755-56D0-493B-9267-282D3EB6FED6}.Release|Any CPU.ActiveCfg = Release|Win32
		{50DD2755-56D0-493B-9267-282D3EB6FED6}.Release|x64.ActiveCfg = Release|x64
		{50DD2755-56D0-493B-9267-282D3EB6FED6}.Release|x64.Build.0 = Release|x64
		{50DD2755-56D0-493B-9267-282D3EB6FED6}.Release|x86.ActiveCfg = Release|Win32
		{50DD2755-56D0-493B-9267-282D3EB6FED6}.Release|x86.Build.0 = Release|Win32
		{8BE567C8-DBA4-436C-9CFF-84F356DFFFBA}.Debug|Any CPU.ActiveCfg = Debug|Any CPU
		{8BE567C8-DBA4-436C-9CFF-84F356DFFFBA}.Debug|Any CPU.Build.0 = Debug|Any CPU
		{8BE567C8-DBA4-436C-9CFF-84F356DFFFBA}.Debug|x64.ActiveCfg = Debug|Any CPU
		{8BE567C8-DBA4-436C-9CFF-84F356DFFFBA}.Debug|x64.Build.0 = Debug|Any CPU
		{8BE567C8-DBA4-436C-9CFF-84F356DFFFBA}.Debug|x86.ActiveCfg = Debug|Any CPU
		{8BE567C8-DBA4-436C-9CFF-84F356DFFFBA}.Debug|x86.Build.0 = Debug|Any CPU
		{8BE567C8-DBA4-436C-9CFF-84F356DFFFBA}.Release|Any CPU.ActiveCfg = Release|Any CPU
		{8BE567C8-DBA4-436C-9CFF-84F356DFFFBA}.Release|Any CPU.Build.0 = Release|Any CPU
		{8BE567C8-DBA4-436C-9CFF-84F356DFFFBA}.Release|x64.ActiveCfg = Release|Any CPU
		{8BE567C8-DBA4-436C-9CFF-84F356DFFFBA}.Release|x64.Build.0 = Release|Any CPU
		{8BE567C8-DBA4-436C-9CFF-84F356DFFFBA}.Release|x86.ActiveCfg = Release|Any CPU
		{8BE567C8-DBA4-436C-9CFF-84F356DFFFBA}.Release|x86.Build.0 = Release|Any CPU
		{38596A25-9BBB-49FD-99D5-A933F4143741}.Debug|Any CPU.ActiveCfg = Debug|Any CPU
		{38596A25-9BBB-49FD-99D5-A933F4143741}.Debug|Any CPU.Build.0 = Debug|Any CPU
		{38596A25-9BBB-49FD-99D5-A933F4143741}.Debug|x64.ActiveCfg = Debug|Any CPU
		{38596A25-9BBB-49FD-99D5-A933F4143741}.Debug|x64.Build.0 = Debug|Any CPU
		{38596A25-9BBB-49FD-99D5-A933F4143741}.Debug|x86.ActiveCfg = Debug|Any CPU
		{38596A25-9BBB-49FD-99D5-A933F4143741}.Debug|x86.Build.0 = Debug|Any CPU
		{38596A25-9BBB-49FD-99D5-A933F4143741}.Release|Any CPU.ActiveCfg = Release|Any CPU
		{38596A25-9BBB-49FD-99D5-A933F4143741}.Release|Any CPU.Build.0 = Release|Any CPU
		{38596A25-9BBB-49FD-99D5-A933F4143741}.Release|x64.ActiveCfg = Release|Any CPU
		{38596A25-9BBB-49FD-99D5-A933F4143741}.Release|x64.Build.0 = Release|Any CPU
		{38596A25-9BBB-49FD-99D5-A933F4143741}.Release|x86.ActiveCfg = Release|Any CPU
		{38596A25-9BBB-49FD-99D5-A933F4143741}.Release|x86.Build.0 = Release|Any CPU
		{0B364E65-CF34-473B-9687-20AAA40B8627}.Debug|Any CPU.ActiveCfg = Debug|Any CPU
		{0B364E65-CF34-473B-9687-20AAA40B8627}.Debug|Any CPU.Build.0 = Debug|Any CPU
		{0B364E65-CF34-473B-9687-20AAA40B8627}.Debug|x64.ActiveCfg = Debug|Any CPU
		{0B364E65-CF34-473B-9687-20AAA40B8627}.Debug|x64.Build.0 = Debug|Any CPU
		{0B364E65-CF34-473B-9687-20AAA40B8627}.Debug|x86.ActiveCfg = Debug|Any CPU
		{0B364E65-CF34-473B-9687-20AAA40B8627}.Debug|x86.Build.0 = Debug|Any CPU
		{0B364E65-CF34-473B-9687-20AAA40B8627}.Release|Any CPU.ActiveCfg = Release|Any CPU
		{0B364E65-CF34-473B-9687-20AAA40B8627}.Release|Any CPU.Build.0 = Release|Any CPU
		{0B364E65-CF34-473B-9687-20AAA40B8627}.Release|x64.ActiveCfg = Release|Any CPU
		{0B364E65-CF34-473B-9687-20AAA40B8627}.Release|x64.Build.0 = Release|Any CPU
		{0B364E65-CF34-473B-9687-20AAA40B8627}.Release|x86.ActiveCfg = Release|Any CPU
		{0B364E65-CF34-473B-9687-20AAA40B8627}.Release|x86.Build.0 = Release|Any CPU
		{85EA5E59-98C3-4E2B-8C42-364B9805D439}.Debug|Any CPU.ActiveCfg = Debug|Any CPU
		{85EA5E59-98C3-4E2B-8C42-364B9805D439}.Debug|Any CPU.Build.0 = Debug|Any CPU
		{85EA5E59-98C3-4E2B-8C42-364B9805D439}.Debug|x64.ActiveCfg = Debug|Any CPU
		{85EA5E59-98C3-4E2B-8C42-364B9805D439}.Debug|x64.Build.0 = Debug|Any CPU
		{85EA5E59-98C3-4E2B-8C42-364B9805D439}.Debug|x86.ActiveCfg = Debug|Any CPU
		{85EA5E59-98C3-4E2B-8C42-364B9805D439}.Debug|x86.Build.0 = Debug|Any CPU
		{85EA5E59-98C3-4E2B-8C42-364B9805D439}.Release|Any CPU.ActiveCfg = Release|Any CPU
		{85EA5E59-98C3-4E2B-8C42-364B9805D439}.Release|Any CPU.Build.0 = Release|Any CPU
		{85EA5E59-98C3-4E2B-8C42-364B9805D439}.Release|x64.ActiveCfg = Release|Any CPU
		{85EA5E59-98C3-4E2B-8C42-364B9805D439}.Release|x64.Build.0 = Release|Any CPU
		{85EA5E59-98C3-4E2B-8C42-364B9805D439}.Release|x86.ActiveCfg = Release|Any CPU
		{85EA5E59-98C3-4E2B-8C42-364B9805D439}.Release|x86.Build.0 = Release|Any CPU
		{65726512-9C95-47F4-AE77-CAFDC1F2EBB1}.Debug|Any CPU.ActiveCfg = Debug|Any CPU
		{65726512-9C95-47F4-AE77-CAFDC1F2EBB1}.Debug|Any CPU.Build.0 = Debug|Any CPU
		{65726512-9C95-47F4-AE77-CAFDC1F2EBB1}.Debug|x64.ActiveCfg = Debug|Any CPU
		{65726512-9C95-47F4-AE77-CAFDC1F2EBB1}.Debug|x64.Build.0 = Debug|Any CPU
		{65726512-9C95-47F4-AE77-CAFDC1F2EBB1}.Debug|x86.ActiveCfg = Debug|Any CPU
		{65726512-9C95-47F4-AE77-CAFDC1F2EBB1}.Debug|x86.Build.0 = Debug|Any CPU
		{65726512-9C95-47F4-AE77-CAFDC1F2EBB1}.Release|Any CPU.ActiveCfg = Release|Any CPU
		{65726512-9C95-47F4-AE77-CAFDC1F2EBB1}.Release|Any CPU.Build.0 = Release|Any CPU
		{65726512-9C95-47F4-AE77-CAFDC1F2EBB1}.Release|x64.ActiveCfg = Release|Any CPU
		{65726512-9C95-47F4-AE77-CAFDC1F2EBB1}.Release|x64.Build.0 = Release|Any CPU
		{65726512-9C95-47F4-AE77-CAFDC1F2EBB1}.Release|x86.ActiveCfg = Release|Any CPU
		{65726512-9C95-47F4-AE77-CAFDC1F2EBB1}.Release|x86.Build.0 = Release|Any CPU
		{7B0DD050-22C7-4439-95B5-0105966555AD}.Debug|Any CPU.ActiveCfg = Debug|Any CPU
		{7B0DD050-22C7-4439-95B5-0105966555AD}.Debug|Any CPU.Build.0 = Debug|Any CPU
		{7B0DD050-22C7-4439-95B5-0105966555AD}.Debug|x64.ActiveCfg = Debug|Any CPU
		{7B0DD050-22C7-4439-95B5-0105966555AD}.Debug|x64.Build.0 = Debug|Any CPU
		{7B0DD050-22C7-4439-95B5-0105966555AD}.Debug|x86.ActiveCfg = Debug|Any CPU
		{7B0DD050-22C7-4439-95B5-0105966555AD}.Debug|x86.Build.0 = Debug|Any CPU
		{7B0DD050-22C7-4439-95B5-0105966555AD}.Release|Any CPU.ActiveCfg = Release|Any CPU
		{7B0DD050-22C7-4439-95B5-0105966555AD}.Release|Any CPU.Build.0 = Release|Any CPU
		{7B0DD050-22C7-4439-95B5-0105966555AD}.Release|x64.ActiveCfg = Release|Any CPU
		{7B0DD050-22C7-4439-95B5-0105966555AD}.Release|x64.Build.0 = Release|Any CPU
		{7B0DD050-22C7-4439-95B5-0105966555AD}.Release|x86.ActiveCfg = Release|Any CPU
		{7B0DD050-22C7-4439-95B5-0105966555AD}.Release|x86.Build.0 = Release|Any CPU
		{BC7CEC9F-F166-44C1-BC77-B70506D276A6}.Debug|Any CPU.ActiveCfg = Debug|Any CPU
		{BC7CEC9F-F166-44C1-BC77-B70506D276A6}.Debug|Any CPU.Build.0 = Debug|Any CPU
		{BC7CEC9F-F166-44C1-BC77-B70506D276A6}.Debug|x64.ActiveCfg = Debug|Any CPU
		{BC7CEC9F-F166-44C1-BC77-B70506D276A6}.Debug|x64.Build.0 = Debug|Any CPU
		{BC7CEC9F-F166-44C1-BC77-B70506D276A6}.Debug|x86.ActiveCfg = Debug|Any CPU
		{BC7CEC9F-F166-44C1-BC77-B70506D276A6}.Debug|x86.Build.0 = Debug|Any CPU
		{BC7CEC9F-F166-44C1-BC77-B70506D276A6}.Release|Any CPU.ActiveCfg = Release|Any CPU
		{BC7CEC9F-F166-44C1-BC77-B70506D276A6}.Release|Any CPU.Build.0 = Release|Any CPU
		{BC7CEC9F-F166-44C1-BC77-B70506D276A6}.Release|x64.ActiveCfg = Release|Any CPU
		{BC7CEC9F-F166-44C1-BC77-B70506D276A6}.Release|x64.Build.0 = Release|Any CPU
		{BC7CEC9F-F166-44C1-BC77-B70506D276A6}.Release|x86.ActiveCfg = Release|Any CPU
		{BC7CEC9F-F166-44C1-BC77-B70506D276A6}.Release|x86.Build.0 = Release|Any CPU
		{C48A6CFC-8A53-4FC8-8252-DE537F8EDD21}.Debug|Any CPU.ActiveCfg = Debug|Any CPU
		{C48A6CFC-8A53-4FC8-8252-DE537F8EDD21}.Debug|Any CPU.Build.0 = Debug|Any CPU
		{C48A6CFC-8A53-4FC8-8252-DE537F8EDD21}.Debug|x64.ActiveCfg = Debug|Any CPU
		{C48A6CFC-8A53-4FC8-8252-DE537F8EDD21}.Debug|x64.Build.0 = Debug|Any CPU
		{C48A6CFC-8A53-4FC8-8252-DE537F8EDD21}.Debug|x86.ActiveCfg = Debug|Any CPU
		{C48A6CFC-8A53-4FC8-8252-DE537F8EDD21}.Debug|x86.Build.0 = Debug|Any CPU
		{C48A6CFC-8A53-4FC8-8252-DE537F8EDD21}.Release|Any CPU.ActiveCfg = Release|Any CPU
		{C48A6CFC-8A53-4FC8-8252-DE537F8EDD21}.Release|Any CPU.Build.0 = Release|Any CPU
		{C48A6CFC-8A53-4FC8-8252-DE537F8EDD21}.Release|x64.ActiveCfg = Release|Any CPU
		{C48A6CFC-8A53-4FC8-8252-DE537F8EDD21}.Release|x64.Build.0 = Release|Any CPU
		{C48A6CFC-8A53-4FC8-8252-DE537F8EDD21}.Release|x86.ActiveCfg = Release|Any CPU
		{C48A6CFC-8A53-4FC8-8252-DE537F8EDD21}.Release|x86.Build.0 = Release|Any CPU
		{572FBBA2-A520-4AE6-B67F-985B317D9B66}.Debug|Any CPU.ActiveCfg = Debug|Any CPU
		{572FBBA2-A520-4AE6-B67F-985B317D9B66}.Debug|Any CPU.Build.0 = Debug|Any CPU
		{572FBBA2-A520-4AE6-B67F-985B317D9B66}.Debug|x64.ActiveCfg = Debug|Any CPU
		{572FBBA2-A520-4AE6-B67F-985B317D9B66}.Debug|x64.Build.0 = Debug|Any CPU
		{572FBBA2-A520-4AE6-B67F-985B317D9B66}.Debug|x86.ActiveCfg = Debug|Any CPU
		{572FBBA2-A520-4AE6-B67F-985B317D9B66}.Debug|x86.Build.0 = Debug|Any CPU
		{572FBBA2-A520-4AE6-B67F-985B317D9B66}.Release|Any CPU.ActiveCfg = Release|Any CPU
		{572FBBA2-A520-4AE6-B67F-985B317D9B66}.Release|Any CPU.Build.0 = Release|Any CPU
		{572FBBA2-A520-4AE6-B67F-985B317D9B66}.Release|x64.ActiveCfg = Release|Any CPU
		{572FBBA2-A520-4AE6-B67F-985B317D9B66}.Release|x64.Build.0 = Release|Any CPU
		{572FBBA2-A520-4AE6-B67F-985B317D9B66}.Release|x86.ActiveCfg = Release|Any CPU
		{572FBBA2-A520-4AE6-B67F-985B317D9B66}.Release|x86.Build.0 = Release|Any CPU
		{E13AF071-F5F1-455F-8FE4-A4E290EF1C52}.Debug|Any CPU.ActiveCfg = Debug|Any CPU
		{E13AF071-F5F1-455F-8FE4-A4E290EF1C52}.Debug|Any CPU.Build.0 = Debug|Any CPU
		{E13AF071-F5F1-455F-8FE4-A4E290EF1C52}.Debug|x64.ActiveCfg = Debug|Any CPU
		{E13AF071-F5F1-455F-8FE4-A4E290EF1C52}.Debug|x64.Build.0 = Debug|Any CPU
		{E13AF071-F5F1-455F-8FE4-A4E290EF1C52}.Debug|x86.ActiveCfg = Debug|Any CPU
		{E13AF071-F5F1-455F-8FE4-A4E290EF1C52}.Debug|x86.Build.0 = Debug|Any CPU
		{E13AF071-F5F1-455F-8FE4-A4E290EF1C52}.Release|Any CPU.ActiveCfg = Release|Any CPU
		{E13AF071-F5F1-455F-8FE4-A4E290EF1C52}.Release|Any CPU.Build.0 = Release|Any CPU
		{E13AF071-F5F1-455F-8FE4-A4E290EF1C52}.Release|x64.ActiveCfg = Release|Any CPU
		{E13AF071-F5F1-455F-8FE4-A4E290EF1C52}.Release|x64.Build.0 = Release|Any CPU
		{E13AF071-F5F1-455F-8FE4-A4E290EF1C52}.Release|x86.ActiveCfg = Release|Any CPU
		{E13AF071-F5F1-455F-8FE4-A4E290EF1C52}.Release|x86.Build.0 = Release|Any CPU
		{4436518C-350B-424F-B2A7-E1A5AF77AC0A}.Debug|Any CPU.ActiveCfg = Debug|Any CPU
		{4436518C-350B-424F-B2A7-E1A5AF77AC0A}.Debug|Any CPU.Build.0 = Debug|Any CPU
		{4436518C-350B-424F-B2A7-E1A5AF77AC0A}.Debug|x64.ActiveCfg = Debug|Any CPU
		{4436518C-350B-424F-B2A7-E1A5AF77AC0A}.Debug|x64.Build.0 = Debug|Any CPU
		{4436518C-350B-424F-B2A7-E1A5AF77AC0A}.Debug|x86.ActiveCfg = Debug|Any CPU
		{4436518C-350B-424F-B2A7-E1A5AF77AC0A}.Debug|x86.Build.0 = Debug|Any CPU
		{4436518C-350B-424F-B2A7-E1A5AF77AC0A}.Release|Any CPU.ActiveCfg = Release|Any CPU
		{4436518C-350B-424F-B2A7-E1A5AF77AC0A}.Release|Any CPU.Build.0 = Release|Any CPU
		{4436518C-350B-424F-B2A7-E1A5AF77AC0A}.Release|x64.ActiveCfg = Release|Any CPU
		{4436518C-350B-424F-B2A7-E1A5AF77AC0A}.Release|x64.Build.0 = Release|Any CPU
		{4436518C-350B-424F-B2A7-E1A5AF77AC0A}.Release|x86.ActiveCfg = Release|Any CPU
		{4436518C-350B-424F-B2A7-E1A5AF77AC0A}.Release|x86.Build.0 = Release|Any CPU
		{92896255-8F4D-490A-A607-21BCCF346E72}.Debug|Any CPU.ActiveCfg = Debug|Any CPU
		{92896255-8F4D-490A-A607-21BCCF346E72}.Debug|Any CPU.Build.0 = Debug|Any CPU
		{92896255-8F4D-490A-A607-21BCCF346E72}.Debug|x64.ActiveCfg = Debug|Any CPU
		{92896255-8F4D-490A-A607-21BCCF346E72}.Debug|x64.Build.0 = Debug|Any CPU
		{92896255-8F4D-490A-A607-21BCCF346E72}.Debug|x86.ActiveCfg = Debug|Any CPU
		{92896255-8F4D-490A-A607-21BCCF346E72}.Debug|x86.Build.0 = Debug|Any CPU
		{92896255-8F4D-490A-A607-21BCCF346E72}.Release|Any CPU.ActiveCfg = Release|Any CPU
		{92896255-8F4D-490A-A607-21BCCF346E72}.Release|Any CPU.Build.0 = Release|Any CPU
		{92896255-8F4D-490A-A607-21BCCF346E72}.Release|x64.ActiveCfg = Release|Any CPU
		{92896255-8F4D-490A-A607-21BCCF346E72}.Release|x64.Build.0 = Release|Any CPU
		{92896255-8F4D-490A-A607-21BCCF346E72}.Release|x86.ActiveCfg = Release|Any CPU
		{92896255-8F4D-490A-A607-21BCCF346E72}.Release|x86.Build.0 = Release|Any CPU
	EndGlobalSection
	GlobalSection(SolutionProperties) = preSolution
		HideSolutionNode = FALSE
	EndGlobalSection
	GlobalSection(NestedProjects) = preSolution
		{FFFF4824-2373-4BD7-8130-FF898B2D290E} = {C0C8C35A-39E5-48DE-9BB6-00E5C43AEF0D}
		{01FBAF1C-D5BC-4CE7-92DA-E18CA3CE6AED} = {C0C8C35A-39E5-48DE-9BB6-00E5C43AEF0D}
		{25849137-0F06-4AC7-8C86-5215ABC09C47} = {0584BAFA-B33F-4584-9471-6962A72C6F32}
		{0584BAFA-B33F-4584-9471-6962A72C6F32} = {1F1B7FA9-F775-4533-A2E1-93BB60A5BAB0}
		{50DD2755-56D0-493B-9267-282D3EB6FED6} = {0584BAFA-B33F-4584-9471-6962A72C6F32}
		{8BE567C8-DBA4-436C-9CFF-84F356DFFFBA} = {FFAD1583-B52D-4335-A285-332DDB9465D1}
		{FFAD1583-B52D-4335-A285-332DDB9465D1} = {5DBF0B66-05FA-4862-A27B-AF5AAC528E3D}
		{C412ACCF-54F2-4706-8A5C-9FB89AE72E2B} = {5DBF0B66-05FA-4862-A27B-AF5AAC528E3D}
		{38596A25-9BBB-49FD-99D5-A933F4143741} = {C412ACCF-54F2-4706-8A5C-9FB89AE72E2B}
		{6FC7AD25-38FD-49F0-BEF0-A6923304FD66} = {5DBF0B66-05FA-4862-A27B-AF5AAC528E3D}
		{0B364E65-CF34-473B-9687-20AAA40B8627} = {6FC7AD25-38FD-49F0-BEF0-A6923304FD66}
		{85EA5E59-98C3-4E2B-8C42-364B9805D439} = {4394AF02-B70A-47EB-82C2-8C38C127DA3D}
		{65726512-9C95-47F4-AE77-CAFDC1F2EBB1} = {4394AF02-B70A-47EB-82C2-8C38C127DA3D}
		{7B0DD050-22C7-4439-95B5-0105966555AD} = {4394AF02-B70A-47EB-82C2-8C38C127DA3D}
		{BC7CEC9F-F166-44C1-BC77-B70506D276A6} = {4394AF02-B70A-47EB-82C2-8C38C127DA3D}
		{C48A6CFC-8A53-4FC8-8252-DE537F8EDD21} = {4394AF02-B70A-47EB-82C2-8C38C127DA3D}
		{4394AF02-B70A-47EB-82C2-8C38C127DA3D} = {CEB65D71-9391-49DC-A021-962554757731}
		{572FBBA2-A520-4AE6-B67F-985B317D9B66} = {4394AF02-B70A-47EB-82C2-8C38C127DA3D}
		{E13AF071-F5F1-455F-8FE4-A4E290EF1C52} = {4394AF02-B70A-47EB-82C2-8C38C127DA3D}
		{4436518C-350B-424F-B2A7-E1A5AF77AC0A} = {4394AF02-B70A-47EB-82C2-8C38C127DA3D}
		{92896255-8F4D-490A-A607-21BCCF346E72} = {4394AF02-B70A-47EB-82C2-8C38C127DA3D}
	EndGlobalSection
	GlobalSection(ExtensibilityGlobals) = postSolution
		SolutionGuid = {C770BD93-D9DE-49F9-9A9E-5AD16E3039B9}
	EndGlobalSection
EndGlobal
