
Microsoft Visual Studio Solution File, Format Version 12.00
# Visual Studio Version 16
VisualStudioVersion = 16.0.30320.27
MinimumVisualStudioVersion = 10.0.40219.1
Project("{8BC9CEB8-8B4A-11D0-8D11-00A0C91BC942}") = "ArrayList", "ArrayList\ArrayList.vcxproj", "{FFFF4824-2373-4BD7-8130-FF898B2D290E}"
EndProject
Project("{2150E333-8FDC-42A3-9474-1A3956D46DE8}") = "nuget", "nuget", "{2739D8DD-9359-4FC9-ACD9-3ECDCA9DA8CE}"
	ProjectSection(SolutionItems) = preProject
		.gitignore = .gitignore
		README.md = README.md
	EndProjectSection
EndProject
Project("{8BC9CEB8-8B4A-11D0-8D11-00A0C91BC942}") = "LinkedList", "LinkedList\LinkedList.vcxproj", "{01FBAF1C-D5BC-4CE7-92DA-E18CA3CE6AED}"
EndProject
Project("{2150E333-8FDC-42A3-9474-1A3956D46DE8}") = "习题", "习题", "{1F1B7FA9-F775-4533-A2E1-93BB60A5BAB0}"
EndProject
Project("{2150E333-8FDC-42A3-9474-1A3956D46DE8}") = "教材", "教材", "{C0C8C35A-39E5-48DE-9BB6-00E5C43AEF0D}"
EndProject
Project("{8BC9CEB8-8B4A-11D0-8D11-00A0C91BC942}") = "2_1", "2.1\2.1.vcxproj", "{25849137-0F06-4AC7-8C86-5215ABC09C47}"
EndProject
Project("{2150E333-8FDC-42A3-9474-1A3956D46DE8}") = "Chapter2", "Chapter2", "{0584BAFA-B33F-4584-9471-6962A72C6F32}"
EndProject
Global
	GlobalSection(SolutionConfigurationPlatforms) = preSolution
		Debug|Any CPU = Debug|Any CPU
		Debug|x64 = Debug|x64
		Debug|x86 = Debug|x86
		Release|Any CPU = Release|Any CPU
		Release|x64 = Release|x64
		Release|x86 = Release|x86
	EndGlobalSection
	GlobalSection(ProjectConfigurationPlatforms) = postSolution
		{FFFF4824-2373-4BD7-8130-FF898B2D290E}.Debug|Any CPU.ActiveCfg = Debug|Win32
		{FFFF4824-2373-4BD7-8130-FF898B2D290E}.Debug|x64.ActiveCfg = Debug|x64
		{FFFF4824-2373-4BD7-8130-FF898B2D290E}.Debug|x64.Build.0 = Debug|x64
		{FFFF4824-2373-4BD7-8130-FF898B2D290E}.Debug|x86.ActiveCfg = Debug|Win32
		{FFFF4824-2373-4BD7-8130-FF898B2D290E}.Debug|x86.Build.0 = Debug|Win32
		{FFFF4824-2373-4BD7-8130-FF898B2D290E}.Release|Any CPU.ActiveCfg = Release|Win32
		{FFFF4824-2373-4BD7-8130-FF898B2D290E}.Release|x64.ActiveCfg = Release|x64
		{FFFF4824-2373-4BD7-8130-FF898B2D290E}.Release|x64.Build.0 = Release|x64
		{FFFF4824-2373-4BD7-8130-FF898B2D290E}.Release|x86.ActiveCfg = Release|Win32
		{FFFF4824-2373-4BD7-8130-FF898B2D290E}.Release|x86.Build.0 = Release|Win32
		{01FBAF1C-D5BC-4CE7-92DA-E18CA3CE6AED}.Debug|Any CPU.ActiveCfg = Debug|Win32
		{01FBAF1C-D5BC-4CE7-92DA-E18CA3CE6AED}.Debug|x64.ActiveCfg = Debug|x64
		{01FBAF1C-D5BC-4CE7-92DA-E18CA3CE6AED}.Debug|x64.Build.0 = Debug|x64
		{01FBAF1C-D5BC-4CE7-92DA-E18CA3CE6AED}.Debug|x86.ActiveCfg = Debug|Win32
		{01FBAF1C-D5BC-4CE7-92DA-E18CA3CE6AED}.Debug|x86.Build.0 = Debug|Win32
		{01FBAF1C-D5BC-4CE7-92DA-E18CA3CE6AED}.Release|Any CPU.ActiveCfg = Release|Win32
		{01FBAF1C-D5BC-4CE7-92DA-E18CA3CE6AED}.Release|x64.ActiveCfg = Release|x64
		{01FBAF1C-D5BC-4CE7-92DA-E18CA3CE6AED}.Release|x64.Build.0 = Release|x64
		{01FBAF1C-D5BC-4CE7-92DA-E18CA3CE6AED}.Release|x86.ActiveCfg = Release|Win32
		{01FBAF1C-D5BC-4CE7-92DA-E18CA3CE6AED}.Release|x86.Build.0 = Release|Win32
		{25849137-0F06-4AC7-8C86-5215ABC09C47}.Debug|Any CPU.ActiveCfg = Debug|Win32
		{25849137-0F06-4AC7-8C86-5215ABC09C47}.Debug|x64.ActiveCfg = Debug|x64
		{25849137-0F06-4AC7-8C86-5215ABC09C47}.Debug|x64.Build.0 = Debug|x64
		{25849137-0F06-4AC7-8C86-5215ABC09C47}.Debug|x86.ActiveCfg = Debug|Win32
		{25849137-0F06-4AC7-8C86-5215ABC09C47}.Debug|x86.Build.0 = Debug|Win32
		{25849137-0F06-4AC7-8C86-5215ABC09C47}.Release|Any CPU.ActiveCfg = Release|Win32
		{25849137-0F06-4AC7-8C86-5215ABC09C47}.Release|x64.ActiveCfg = Release|x64
		{25849137-0F06-4AC7-8C86-5215ABC09C47}.Release|x64.Build.0 = Release|x64
		{25849137-0F06-4AC7-8C86-5215ABC09C47}.Release|x86.ActiveCfg = Release|Win32
		{25849137-0F06-4AC7-8C86-5215ABC09C47}.Release|x86.Build.0 = Release|Win32
	EndGlobalSection
	GlobalSection(SolutionProperties) = preSolution
		HideSolutionNode = FALSE
	EndGlobalSection
	GlobalSection(NestedProjects) = preSolution
		{FFFF4824-2373-4BD7-8130-FF898B2D290E} = {C0C8C35A-39E5-48DE-9BB6-00E5C43AEF0D}
		{01FBAF1C-D5BC-4CE7-92DA-E18CA3CE6AED} = {C0C8C35A-39E5-48DE-9BB6-00E5C43AEF0D}
		{25849137-0F06-4AC7-8C86-5215ABC09C47} = {0584BAFA-B33F-4584-9471-6962A72C6F32}
		{0584BAFA-B33F-4584-9471-6962A72C6F32} = {1F1B7FA9-F775-4533-A2E1-93BB60A5BAB0}
	EndGlobalSection
	GlobalSection(ExtensibilityGlobals) = postSolution
		SolutionGuid = {C770BD93-D9DE-49F9-9A9E-5AD16E3039B9}
	EndGlobalSection
EndGlobal
