
Microsoft Visual Studio Solution File, Format Version 12.00
# Visual Studio Version 16
VisualStudioVersion = 16.0.30320.27
MinimumVisualStudioVersion = 10.0.40219.1
Project("{8BC9CEB8-8B4A-11D0-8D11-00A0C91BC942}") = "ArrayList", "ArrayList\ArrayList.vcxproj", "{FFFF4824-2373-4BD7-8130-FF898B2D290E}"
EndProject
Project("{2150E333-8FDC-42A3-9474-1A3956D46DE8}") = "nuget", "nuget", "{2739D8DD-9359-4FC9-ACD9-3ECDCA9DA8CE}"
	ProjectSection(SolutionItems) = preProject
		.gitignore = .gitignore
	EndProjectSection
EndProject
Global
	GlobalSection(SolutionConfigurationPlatforms) = preSolution
		Debug|x64 = Debug|x64
		Debug|x86 = Debug|x86
		Release|x64 = Release|x64
		Release|x86 = Release|x86
	EndGlobalSection
	GlobalSection(ProjectConfigurationPlatforms) = postSolution
		{FFFF4824-2373-4BD7-8130-FF898B2D290E}.Debug|x64.ActiveCfg = Debug|x64
		{FFFF4824-2373-4BD7-8130-FF898B2D290E}.Debug|x64.Build.0 = Debug|x64
		{FFFF4824-2373-4BD7-8130-FF898B2D290E}.Debug|x86.ActiveCfg = Debug|Win32
		{FFFF4824-2373-4BD7-8130-FF898B2D290E}.Debug|x86.Build.0 = Debug|Win32
		{FFFF4824-2373-4BD7-8130-FF898B2D290E}.Release|x64.ActiveCfg = Release|x64
		{FFFF4824-2373-4BD7-8130-FF898B2D290E}.Release|x64.Build.0 = Release|x64
		{FFFF4824-2373-4BD7-8130-FF898B2D290E}.Release|x86.ActiveCfg = Release|Win32
		{FFFF4824-2373-4BD7-8130-FF898B2D290E}.Release|x86.Build.0 = Release|Win32
	EndGlobalSection
	GlobalSection(SolutionProperties) = preSolution
		HideSolutionNode = FALSE
	EndGlobalSection
	GlobalSection(ExtensibilityGlobals) = postSolution
		SolutionGuid = {C770BD93-D9DE-49F9-9A9E-5AD16E3039B9}
	EndGlobalSection
EndGlobal
